// !$*UTF8*$!
{
	archiveVersion = 1;
	classes = {
	};
	objectVersion = 46;
	objects = {

/* Begin PBXBuildFile section */
		7F3951A31C692CBA00884984 /* AppDelegate.swift in Sources */ = {isa = PBXBuildFile; fileRef = 7F3951A21C692CBA00884984 /* AppDelegate.swift */; };
		7F3951A51C692CBA00884984 /* ViewController.swift in Sources */ = {isa = PBXBuildFile; fileRef = 7F3951A41C692CBA00884984 /* ViewController.swift */; };
		7F3951A81C692CBA00884984 /* Main.storyboard in Resources */ = {isa = PBXBuildFile; fileRef = 7F3951A61C692CBA00884984 /* Main.storyboard */; };
		7F3951AA1C692CBA00884984 /* Assets.xcassets in Resources */ = {isa = PBXBuildFile; fileRef = 7F3951A91C692CBA00884984 /* Assets.xcassets */; };
		7F3951AD1C692CBA00884984 /* LaunchScreen.storyboard in Resources */ = {isa = PBXBuildFile; fileRef = 7F3951AB1C692CBA00884984 /* LaunchScreen.storyboard */; };
		7F3951B81C692CBA00884984 /* PopTests.swift in Sources */ = {isa = PBXBuildFile; fileRef = 7F3951B71C692CBA00884984 /* PopTests.swift */; };
		7F3951C31C692CBA00884984 /* PopUITests.swift in Sources */ = {isa = PBXBuildFile; fileRef = 7F3951C21C692CBA00884984 /* PopUITests.swift */; };
		7F3951D31C6942BC00884984 /* Circle.swift in Sources */ = {isa = PBXBuildFile; fileRef = 7F3951D21C6942BC00884984 /* Circle.swift */; };
/* End PBXBuildFile section */

/* Begin PBXContainerItemProxy section */
		7F3951B41C692CBA00884984 /* PBXContainerItemProxy */ = {
			isa = PBXContainerItemProxy;
			containerPortal = 7F3951971C692CBA00884984 /* Project object */;
			proxyType = 1;
			remoteGlobalIDString = 7F39519E1C692CBA00884984;
			remoteInfo = Pop;
		};
		7F3951BF1C692CBA00884984 /* PBXContainerItemProxy */ = {
			isa = PBXContainerItemProxy;
			containerPortal = 7F3951971C692CBA00884984 /* Project object */;
			proxyType = 1;
			remoteGlobalIDString = 7F39519E1C692CBA00884984;
			remoteInfo = Pop;
		};
/* End PBXContainerItemProxy section */

/* Begin PBXFileReference section */
		7F39519F1C692CBA00884984 /* Pop.app */ = {isa = PBXFileReference; explicitFileType = wrapper.application; includeInIndex = 0; path = Pop.app; sourceTree = BUILT_PRODUCTS_DIR; };
		7F3951A21C692CBA00884984 /* AppDelegate.swift */ = {isa = PBXFileReference; lastKnownFileType = sourcecode.swift; path = AppDelegate.swift; sourceTree = "<group>"; };
		7F3951A41C692CBA00884984 /* ViewController.swift */ = {isa = PBXFileReference; lastKnownFileType = sourcecode.swift; path = ViewController.swift; sourceTree = "<group>"; };
		7F3951A71C692CBA00884984 /* Base */ = {isa = PBXFileReference; lastKnownFileType = file.storyboard; name = Base; path = Base.lproj/Main.storyboard; sourceTree = "<group>"; };
		7F3951A91C692CBA00884984 /* Assets.xcassets */ = {isa = PBXFileReference; lastKnownFileType = folder.assetcatalog; path = Assets.xcassets; sourceTree = "<group>"; };
		7F3951AC1C692CBA00884984 /* Base */ = {isa = PBXFileReference; lastKnownFileType = file.storyboard; name = Base; path = Base.lproj/LaunchScreen.storyboard; sourceTree = "<group>"; };
		7F3951AE1C692CBA00884984 /* Info.plist */ = {isa = PBXFileReference; lastKnownFileType = text.plist.xml; path = Info.plist; sourceTree = "<group>"; };
		7F3951B31C692CBA00884984 /* PopTests.xctest */ = {isa = PBXFileReference; explicitFileType = wrapper.cfbundle; includeInIndex = 0; path = PopTests.xctest; sourceTree = BUILT_PRODUCTS_DIR; };
		7F3951B71C692CBA00884984 /* PopTests.swift */ = {isa = PBXFileReference; lastKnownFileType = sourcecode.swift; path = PopTests.swift; sourceTree = "<group>"; };
		7F3951B91C692CBA00884984 /* Info.plist */ = {isa = PBXFileReference; lastKnownFileType = text.plist.xml; path = Info.plist; sourceTree = "<group>"; };
		7F3951BE1C692CBA00884984 /* PopUITests.xctest */ = {isa = PBXFileReference; explicitFileType = wrapper.cfbundle; includeInIndex = 0; path = PopUITests.xctest; sourceTree = BUILT_PRODUCTS_DIR; };
		7F3951C21C692CBA00884984 /* PopUITests.swift */ = {isa = PBXFileReference; lastKnownFileType = sourcecode.swift; path = PopUITests.swift; sourceTree = "<group>"; };
		7F3951C41C692CBA00884984 /* Info.plist */ = {isa = PBXFileReference; lastKnownFileType = text.plist.xml; path = Info.plist; sourceTree = "<group>"; };
		7F3951D21C6942BC00884984 /* Circle.swift */ = {isa = PBXFileReference; fileEncoding = 4; lastKnownFileType = sourcecode.swift; name = Circle.swift; path = ../Circle.swift; sourceTree = "<group>"; };
/* End PBXFileReference section */

/* Begin PBXFrameworksBuildPhase section */
		7F39519C1C692CBA00884984 /* Frameworks */ = {
			isa = PBXFrameworksBuildPhase;
			buildActionMask = 2147483647;
			files = (
			);
			runOnlyForDeploymentPostprocessing = 0;
		};
		7F3951B01C692CBA00884984 /* Frameworks */ = {
			isa = PBXFrameworksBuildPhase;
			buildActionMask = 2147483647;
			files = (
			);
			runOnlyForDeploymentPostprocessing = 0;
		};
		7F3951BB1C692CBA00884984 /* Frameworks */ = {
			isa = PBXFrameworksBuildPhase;
			buildActionMask = 2147483647;
			files = (
			);
			runOnlyForDeploymentPostprocessing = 0;
		};
/* End PBXFrameworksBuildPhase section */

/* Begin PBXGroup section */
		7F3951961C692CBA00884984 = {
			isa = PBXGroup;
			children = (
				7F3951A11C692CBA00884984 /* Pop */,
				7F3951B61C692CBA00884984 /* PopTests */,
				7F3951C11C692CBA00884984 /* PopUITests */,
				7F3951A01C692CBA00884984 /* Products */,
			);
			sourceTree = "<group>";
		};
		7F3951A01C692CBA00884984 /* Products */ = {
			isa = PBXGroup;
			children = (
				7F39519F1C692CBA00884984 /* Pop.app */,
				7F3951B31C692CBA00884984 /* PopTests.xctest */,
				7F3951BE1C692CBA00884984 /* PopUITests.xctest */,
			);
			name = Products;
			sourceTree = "<group>";
		};
		7F3951A11C692CBA00884984 /* Pop */ = {
			isa = PBXGroup;
			children = (
				7F3951D21C6942BC00884984 /* Circle.swift */,
				7F3951A21C692CBA00884984 /* AppDelegate.swift */,
				7F3951A41C692CBA00884984 /* ViewController.swift */,
				7F3951A61C692CBA00884984 /* Main.storyboard */,
				7F3951A91C692CBA00884984 /* Assets.xcassets */,
				7F3951AB1C692CBA00884984 /* LaunchScreen.storyboard */,
				7F3951AE1C692CBA00884984 /* Info.plist */,
			);
			path = Pop;
			sourceTree = "<group>";
		};
		7F3951B61C692CBA00884984 /* PopTests */ = {
			isa = PBXGroup;
			children = (
				7F3951B71C692CBA00884984 /* PopTests.swift */,
				7F3951B91C692CBA00884984 /* Info.plist */,
			);
			path = PopTests;
			sourceTree = "<group>";
		};
		7F3951C11C692CBA00884984 /* PopUITests */ = {
			isa = PBXGroup;
			children = (
				7F3951C21C692CBA00884984 /* PopUITests.swift */,
				7F3951C41C692CBA00884984 /* Info.plist */,
			);
			path = PopUITests;
			sourceTree = "<group>";
		};
/* End PBXGroup section */

/* Begin PBXNativeTarget section */
		7F39519E1C692CBA00884984 /* Pop */ = {
			isa = PBXNativeTarget;
			buildConfigurationList = 7F3951C71C692CBA00884984 /* Build configuration list for PBXNativeTarget "Pop" */;
			buildPhases = (
				7F39519B1C692CBA00884984 /* Sources */,
				7F39519C1C692CBA00884984 /* Frameworks */,
				7F39519D1C692CBA00884984 /* Resources */,
			);
			buildRules = (
			);
			dependencies = (
			);
			name = Pop;
			productName = Pop;
			productReference = 7F39519F1C692CBA00884984 /* Pop.app */;
			productType = "com.apple.product-type.application";
		};
		7F3951B21C692CBA00884984 /* PopTests */ = {
			isa = PBXNativeTarget;
			buildConfigurationList = 7F3951CA1C692CBA00884984 /* Build configuration list for PBXNativeTarget "PopTests" */;
			buildPhases = (
				7F3951AF1C692CBA00884984 /* Sources */,
				7F3951B01C692CBA00884984 /* Frameworks */,
				7F3951B11C692CBA00884984 /* Resources */,
			);
			buildRules = (
			);
			dependencies = (
				7F3951B51C692CBA00884984 /* PBXTargetDependency */,
			);
			name = PopTests;
			productName = PopTests;
			productReference = 7F3951B31C692CBA00884984 /* PopTests.xctest */;
			productType = "com.apple.product-type.bundle.unit-test";
		};
		7F3951BD1C692CBA00884984 /* PopUITests */ = {
			isa = PBXNativeTarget;
			buildConfigurationList = 7F3951CD1C692CBA00884984 /* Build configuration list for PBXNativeTarget "PopUITests" */;
			buildPhases = (
				7F3951BA1C692CBA00884984 /* Sources */,
				7F3951BB1C692CBA00884984 /* Frameworks */,
				7F3951BC1C692CBA00884984 /* Resources */,
			);
			buildRules = (
			);
			dependencies = (
				7F3951C01C692CBA00884984 /* PBXTargetDependency */,
			);
			name = PopUITests;
			productName = PopUITests;
			productReference = 7F3951BE1C692CBA00884984 /* PopUITests.xctest */;
			productType = "com.apple.product-type.bundle.ui-testing";
		};
/* End PBXNativeTarget section */

/* Begin PBXProject section */
		7F3951971C692CBA00884984 /* Project object */ = {
			isa = PBXProject;
			attributes = {
				LastSwiftUpdateCheck = 0720;
				LastUpgradeCheck = 0720;
				ORGANIZATIONNAME = Longshot;
				TargetAttributes = {
					7F39519E1C692CBA00884984 = {
						CreatedOnToolsVersion = 7.2;
						DevelopmentTeam = P4W3MC49K5;
					};
					7F3951B21C692CBA00884984 = {
						CreatedOnToolsVersion = 7.2;
						DevelopmentTeam = P4W3MC49K5;
						TestTargetID = 7F39519E1C692CBA00884984;
					};
					7F3951BD1C692CBA00884984 = {
						CreatedOnToolsVersion = 7.2;
						DevelopmentTeam = P4W3MC49K5;
						TestTargetID = 7F39519E1C692CBA00884984;
					};
				};
			};
			buildConfigurationList = 7F39519A1C692CBA00884984 /* Build configuration list for PBXProject "Pop" */;
			compatibilityVersion = "Xcode 3.2";
			developmentRegion = English;
			hasScannedForEncodings = 0;
			knownRegions = (
				en,
				Base,
			);
			mainGroup = 7F3951961C692CBA00884984;
			productRefGroup = 7F3951A01C692CBA00884984 /* Products */;
			projectDirPath = "";
			projectRoot = "";
			targets = (
				7F39519E1C692CBA00884984 /* Pop */,
				7F3951B21C692CBA00884984 /* PopTests */,
				7F3951BD1C692CBA00884984 /* PopUITests */,
			);
		};
/* End PBXProject section */

/* Begin PBXResourcesBuildPhase section */
		7F39519D1C692CBA00884984 /* Resources */ = {
			isa = PBXResourcesBuildPhase;
			buildActionMask = 2147483647;
			files = (
				7F3951AD1C692CBA00884984 /* LaunchScreen.storyboard in Resources */,
				7F3951AA1C692CBA00884984 /* Assets.xcassets in Resources */,
				7F3951A81C692CBA00884984 /* Main.storyboard in Resources */,
			);
			runOnlyForDeploymentPostprocessing = 0;
		};
		7F3951B11C692CBA00884984 /* Resources */ = {
			isa = PBXResourcesBuildPhase;
			buildActionMask = 2147483647;
			files = (
			);
			runOnlyForDeploymentPostprocessing = 0;
		};
		7F3951BC1C692CBA00884984 /* Resources */ = {
			isa = PBXResourcesBuildPhase;
			buildActionMask = 2147483647;
			files = (
			);
			runOnlyForDeploymentPostprocessing = 0;
		};
/* End PBXResourcesBuildPhase section */

/* Begin PBXSourcesBuildPhase section */
		7F39519B1C692CBA00884984 /* Sources */ = {
			isa = PBXSourcesBuildPhase;
			buildActionMask = 2147483647;
			files = (
				7F3951A51C692CBA00884984 /* ViewController.swift in Sources */,
				7F3951A31C692CBA00884984 /* AppDelegate.swift in Sources */,
				7F3951D31C6942BC00884984 /* Circle.swift in Sources */,
			);
			runOnlyForDeploymentPostprocessing = 0;
		};
		7F3951AF1C692CBA00884984 /* Sources */ = {
			isa = PBXSourcesBuildPhase;
			buildActionMask = 2147483647;
			files = (
				7F3951B81C692CBA00884984 /* PopTests.swift in Sources */,
			);
			runOnlyForDeploymentPostprocessing = 0;
		};
		7F3951BA1C692CBA00884984 /* Sources */ = {
			isa = PBXSourcesBuildPhase;
			buildActionMask = 2147483647;
			files = (
				7F3951C31C692CBA00884984 /* PopUITests.swift in Sources */,
			);
			runOnlyForDeploymentPostprocessing = 0;
		};
/* End PBXSourcesBuildPhase section */

/* Begin PBXTargetDependency section */
		7F3951B51C692CBA00884984 /* PBXTargetDependency */ = {
			isa = PBXTargetDependency;
			target = 7F39519E1C692CBA00884984 /* Pop */;
			targetProxy = 7F3951B41C692CBA00884984 /* PBXContainerItemProxy */;
		};
		7F3951C01C692CBA00884984 /* PBXTargetDependency */ = {
			isa = PBXTargetDependency;
			target = 7F39519E1C692CBA00884984 /* Pop */;
			targetProxy = 7F3951BF1C692CBA00884984 /* PBXContainerItemProxy */;
		};
/* End PBXTargetDependency section */

/* Begin PBXVariantGroup section */
		7F3951A61C692CBA00884984 /* Main.storyboard */ = {
			isa = PBXVariantGroup;
			children = (
				7F3951A71C692CBA00884984 /* Base */,
			);
			name = Main.storyboard;
			sourceTree = "<group>";
		};
		7F3951AB1C692CBA00884984 /* LaunchScreen.storyboard */ = {
			isa = PBXVariantGroup;
			children = (
				7F3951AC1C692CBA00884984 /* Base */,
			);
			name = LaunchScreen.storyboard;
			sourceTree = "<group>";
		};
/* End PBXVariantGroup section */

/* Begin XCBuildConfiguration section */
		7F3951C51C692CBA00884984 /* Debug */ = {
			isa = XCBuildConfiguration;
			buildSettings = {
				ALWAYS_SEARCH_USER_PATHS = NO;
				CLANG_CXX_LANGUAGE_STANDARD = "gnu++0x";
				CLANG_CXX_LIBRARY = "libc++";
				CLANG_ENABLE_MODULES = YES;
				CLANG_ENABLE_OBJC_ARC = YES;
				CLANG_WARN_BOOL_CONVERSION = YES;
				CLANG_WARN_CONSTANT_CONVERSION = YES;
				CLANG_WARN_DIRECT_OBJC_ISA_USAGE = YES_ERROR;
				CLANG_WARN_EMPTY_BODY = YES;
				CLANG_WARN_ENUM_CONVERSION = YES;
				CLANG_WARN_INT_CONVERSION = YES;
				CLANG_WARN_OBJC_ROOT_CLASS = YES_ERROR;
				CLANG_WARN_UNREACHABLE_CODE = YES;
				CLANG_WARN__DUPLICATE_METHOD_MATCH = YES;
				"CODE_SIGN_IDENTITY[sdk=iphoneos*]" = "iPhone Developer";
				COPY_PHASE_STRIP = NO;
				DEBUG_INFORMATION_FORMAT = dwarf;
				ENABLE_STRICT_OBJC_MSGSEND = YES;
				ENABLE_TESTABILITY = YES;
				GCC_C_LANGUAGE_STANDARD = gnu99;
				GCC_DYNAMIC_NO_PIC = NO;
				GCC_NO_COMMON_BLOCKS = YES;
				GCC_OPTIMIZATION_LEVEL = 0;
				GCC_PREPROCESSOR_DEFINITIONS = (
					"DEBUG=1",
					"$(inherited)",
				);
				GCC_WARN_64_TO_32_BIT_CONVERSION = YES;
				GCC_WARN_ABOUT_RETURN_TYPE = YES_ERROR;
				GCC_WARN_UNDECLARED_SELECTOR = YES;
				GCC_WARN_UNINITIALIZED_AUTOS = YES_AGGRESSIVE;
				GCC_WARN_UNUSED_FUNCTION = YES;
				GCC_WARN_UNUSED_VARIABLE = YES;
				IPHONEOS_DEPLOYMENT_TARGET = 9.2;
				MTL_ENABLE_DEBUG_INFO = YES;
				ONLY_ACTIVE_ARCH = YES;
				SDKROOT = iphoneos;
				SWIFT_OPTIMIZATION_LEVEL = "-Onone";
				TARGETED_DEVICE_FAMILY = "1,2";
			};
			name = Debug;
		};
		7F3951C61C692CBA00884984 /* Release */ = {
			isa = XCBuildConfiguration;
			buildSettings = {
				ALWAYS_SEARCH_USER_PATHS = NO;
				CLANG_CXX_LANGUAGE_STANDARD = "gnu++0x";
				CLANG_CXX_LIBRARY = "libc++";
				CLANG_ENABLE_MODULES = YES;
				CLANG_ENABLE_OBJC_ARC = YES;
				CLANG_WARN_BOOL_CONVERSION = YES;
				CLANG_WARN_CONSTANT_CONVERSION = YES;
				CLANG_WARN_DIRECT_OBJC_ISA_USAGE = YES_ERROR;
				CLANG_WARN_EMPTY_BODY = YES;
				CLANG_WARN_ENUM_CONVERSION = YES;
				CLANG_WARN_INT_CONVERSION = YES;
				CLANG_WARN_OBJC_ROOT_CLASS = YES_ERROR;
				CLANG_WARN_UNREACHABLE_CODE = YES;
				CLANG_WARN__DUPLICATE_METHOD_MATCH = YES;
				"CODE_SIGN_IDENTITY[sdk=iphoneos*]" = "iPhone Developer";
				COPY_PHASE_STRIP = NO;
				DEBUG_INFORMATION_FORMAT = "dwarf-with-dsym";
				ENABLE_NS_ASSERTIONS = NO;
				ENABLE_STRICT_OBJC_MSGSEND = YES;
				GCC_C_LANGUAGE_STANDARD = gnu99;
				GCC_NO_COMMON_BLOCKS = YES;
				GCC_WARN_64_TO_32_BIT_CONVERSION = YES;
				GCC_WARN_ABOUT_RETURN_TYPE = YES_ERROR;
				GCC_WARN_UNDECLARED_SELECTOR = YES;
				GCC_WARN_UNINITIALIZED_AUTOS = YES_AGGRESSIVE;
				GCC_WARN_UNUSED_FUNCTION = YES;
				GCC_WARN_UNUSED_VARIABLE = YES;
				IPHONEOS_DEPLOYMENT_TARGET = 9.2;
				MTL_ENABLE_DEBUG_INFO = NO;
				SDKROOT = iphoneos;
				TARGETED_DEVICE_FAMILY = "1,2";
				VALIDATE_PRODUCT = YES;
			};
			name = Release;
		};
		7F3951C81C692CBA00884984 /* Debug */ = {
			isa = XCBuildConfiguration;
			buildSettings = {
				ASSETCATALOG_COMPILER_APPICON_NAME = AppIcon;
				INFOPLIST_FILE = Pop/Info.plist;
				LD_RUNPATH_SEARCH_PATHS = "$(inherited) @executable_path/Frameworks";
				PRODUCT_BUNDLE_IDENTIFIER = com.Longshot.Pop;
				PRODUCT_NAME = "$(TARGET_NAME)";
			};
			name = Debug;
		};
		7F3951C91C692CBA00884984 /* Release */ = {
			isa = XCBuildConfiguration;
			buildSettings = {
				ASSETCATALOG_COMPILER_APPICON_NAME = AppIcon;
				INFOPLIST_FILE = Pop/Info.plist;
				LD_RUNPATH_SEARCH_PATHS = "$(inherited) @executable_path/Frameworks";
				PRODUCT_BUNDLE_IDENTIFIER = com.Longshot.Pop;
				PRODUCT_NAME = "$(TARGET_NAME)";
			};
			name = Release;
		};
		7F3951CB1C692CBA00884984 /* Debug */ = {
			isa = XCBuildConfiguration;
			buildSettings = {
				BUNDLE_LOADER = "$(TEST_HOST)";
				INFOPLIST_FILE = PopTests/Info.plist;
				LD_RUNPATH_SEARCH_PATHS = "$(inherited) @executable_path/Frameworks @loader_path/Frameworks";
				PRODUCT_BUNDLE_IDENTIFIER = com.Longshot.PopTests;
				PRODUCT_NAME = "$(TARGET_NAME)";
				TEST_HOST = "$(BUILT_PRODUCTS_DIR)/Pop.app/Pop";
			};
			name = Debug;
		};
		7F3951CC1C692CBA00884984 /* Release */ = {
			isa = XCBuildConfiguration;
			buildSettings = {
				BUNDLE_LOADER = "$(TEST_HOST)";
				INFOPLIST_FILE = PopTests/Info.plist;
				LD_RUNPATH_SEARCH_PATHS = "$(inherited) @executable_path/Frameworks @loader_path/Frameworks";
				PRODUCT_BUNDLE_IDENTIFIER = com.Longshot.PopTests;
				PRODUCT_NAME = "$(TARGET_NAME)";
				TEST_HOST = "$(BUILT_PRODUCTS_DIR)/Pop.app/Pop";
			};
			name = Release;
		};
		7F3951CE1C692CBA00884984 /* Debug */ = {
			isa = XCBuildConfiguration;
			buildSettings = {
				INFOPLIST_FILE = PopUITests/Info.plist;
				LD_RUNPATH_SEARCH_PATHS = "$(inherited) @executable_path/Frameworks @loader_path/Frameworks";
				PRODUCT_BUNDLE_IDENTIFIER = com.Longshot.PopUITests;
				PRODUCT_NAME = "$(TARGET_NAME)";
				TEST_TARGET_NAME = Pop;
				USES_XCTRUNNER = YES;
			};
			name = Debug;
		};
		7F3951CF1C692CBA00884984 /* Release */ = {
			isa = XCBuildConfiguration;
			buildSettings = {
				INFOPLIST_FILE = PopUITests/Info.plist;
				LD_RUNPATH_SEARCH_PATHS = "$(inherited) @executable_path/Frameworks @loader_path/Frameworks";
				PRODUCT_BUNDLE_IDENTIFIER = com.Longshot.PopUITests;
				PRODUCT_NAME = "$(TARGET_NAME)";
				TEST_TARGET_NAME = Pop;
				USES_XCTRUNNER = YES;
			};
			name = Release;
		};
/* End XCBuildConfiguration section */

/* Begin XCConfigurationList section */
		7F39519A1C692CBA00884984 /* Build configuration list for PBXProject "Pop" */ = {
			isa = XCConfigurationList;
			buildConfigurations = (
				7F3951C51C692CBA00884984 /* Debug */,
				7F3951C61C692CBA00884984 /* Release */,
			);
			defaultConfigurationIsVisible = 0;
			defaultConfigurationName = Release;
		};
		7F3951C71C692CBA00884984 /* Build configuration list for PBXNativeTarget "Pop" */ = {
			isa = XCConfigurationList;
			buildConfigurations = (
				7F3951C81C692CBA00884984 /* Debug */,
				7F3951C91C692CBA00884984 /* Release */,
			);
			defaultConfigurationIsVisible = 0;
		};
		7F3951CA1C692CBA00884984 /* Build configuration list for PBXNativeTarget "PopTests" */ = {
			isa = XCConfigurationList;
			buildConfigurations = (
				7F3951CB1C692CBA00884984 /* Debug */,
				7F3951CC1C692CBA00884984 /* Release */,
			);
			defaultConfigurationIsVisible = 0;
		};
		7F3951CD1C692CBA00884984 /* Build configuration list for PBXNativeTarget "PopUITests" */ = {
			isa = XCConfigurationList;
			buildConfigurations = (
				7F3951CE1C692CBA00884984 /* Debug */,
				7F3951CF1C692CBA00884984 /* Release */,
			);
			defaultConfigurationIsVisible = 0;
		};
/* End XCConfigurationList section */
	};
	rootObject = 7F3951971C692CBA00884984 /* Project object */;
}
